
Microsoft Visual Studio Solution File, Format Version 12.00
# Visual Studio Version 17
VisualStudioVersion = 17.13.35825.156
MinimumVisualStudioVersion = 10.0.40219.1
Project("{FAE04EC0-301F-11D3-BF4B-00C04F79EFBC}") = "SIT_WPF", "SIT_WPF\SIT_WPF.csproj", "{F830621F-10C9-40BE-BA7A-6C2072A556D6}"
EndProject
Project("{FAE04EC0-301F-11D3-BF4B-00C04F79EFBC}") = "RequestWebApp", "..\..\repos1\SIT-Solution\RequestWebApp\RequestWebApp.csproj", "{BDAF1C16-2896-40F8-A764-894AEDFB4A7A}"
EndProject
Global
	GlobalSection(SolutionConfigurationPlatforms) = preSolution
		Debug|Any CPU = Debug|Any CPU
		Release|Any CPU = Release|Any CPU
	EndGlobalSection
	GlobalSection(ProjectConfigurationPlatforms) = postSolution
		{F830621F-10C9-40BE-BA7A-6C2072A556D6}.Debug|Any CPU.ActiveCfg = Debug|Any CPU
		{F830621F-10C9-40BE-BA7A-6C2072A556D6}.Debug|Any CPU.Build.0 = Debug|Any CPU
		{F830621F-10C9-40BE-BA7A-6C2072A556D6}.Release|Any CPU.ActiveCfg = Release|Any CPU
		{F830621F-10C9-40BE-BA7A-6C2072A556D6}.Release|Any CPU.Build.0 = Release|Any CPU
		{BDAF1C16-2896-40F8-A764-894AEDFB4A7A}.Debug|Any CPU.ActiveCfg = Debug|Any CPU
		{BDAF1C16-2896-40F8-A764-894AEDFB4A7A}.Debug|Any CPU.Build.0 = Debug|Any CPU
		{BDAF1C16-2896-40F8-A764-894AEDFB4A7A}.Release|Any CPU.ActiveCfg = Release|Any CPU
		{BDAF1C16-2896-40F8-A764-894AEDFB4A7A}.Release|Any CPU.Build.0 = Release|Any CPU
	EndGlobalSection
	GlobalSection(SolutionProperties) = preSolution
		HideSolutionNode = FALSE
	EndGlobalSection
	GlobalSection(ExtensibilityGlobals) = postSolution
		SolutionGuid = {4C95B34F-8315-469F-8213-FEDF2143681C}
	EndGlobalSection
EndGlobal
